{
  "name": "sw client",
  "lockfileVersion": 3,
  "requires": true,
  "packages": {
    "": {
      "name": "sw client",
      "license": "ISC",
      "dependencies": {
        "crel": "^4.2.1"
      }
    },
    "node_modules/crel": {
      "version": "4.2.1",
      "resolved": "https://registry.npmjs.org/crel/-/crel-4.2.1.tgz",
      "integrity": "sha512-OwBkgtd+opoS7vrpnYrUOBlWnR0ZzLOwM5Vh07ZbcBlbSboonYBzDGaKjjnal56Mqz4q7A2wjb1J9by8GYMC2A=="
    }
  }
}
